
Microsoft Visual Studio Solution File, Format Version 12.00
# Visual Studio Version 17
VisualStudioVersion = 17.0.31903.59
MinimumVisualStudioVersion = 10.0.40219.1
Project("{9A19103F-16F7-4668-BE54-9A1E7A4F7556}") = "TextFilters", "TextFilters\TextFilters.csproj", "{404128A9-F717-4A8F-A186-EC860964740F}"
EndProject
Project("{9A19103F-16F7-4668-BE54-9A1E7A4F7556}") = "TextFilters.Tests", "TextFilters.Tests\TextFilters.Tests.csproj", "{E7BEF7FC-8D54-4858-8C2D-1828C7A55E1C}"
EndProject
Global
	GlobalSection(SolutionConfigurationPlatforms) = preSolution
		Debug|Any CPU = Debug|Any CPU
		Release|Any CPU = Release|Any CPU
	EndGlobalSection
	GlobalSection(ProjectConfigurationPlatforms) = postSolution
		{404128A9-F717-4A8F-A186-EC860964740F}.Debug|Any CPU.ActiveCfg = Debug|Any CPU
		{404128A9-F717-4A8F-A186-EC860964740F}.Debug|Any CPU.Build.0 = Debug|Any CPU
		{404128A9-F717-4A8F-A186-EC860964740F}.Release|Any CPU.ActiveCfg = Release|Any CPU
		{404128A9-F717-4A8F-A186-EC860964740F}.Release|Any CPU.Build.0 = Release|Any CPU
		{E7BEF7FC-8D54-4858-8C2D-1828C7A55E1C}.Debug|Any CPU.ActiveCfg = Debug|Any CPU
		{E7BEF7FC-8D54-4858-8C2D-1828C7A55E1C}.Debug|Any CPU.Build.0 = Debug|Any CPU
		{E7BEF7FC-8D54-4858-8C2D-1828C7A55E1C}.Release|Any CPU.ActiveCfg = Release|Any CPU
		{E7BEF7FC-8D54-4858-8C2D-1828C7A55E1C}.Release|Any CPU.Build.0 = Release|Any CPU
	EndGlobalSection
	GlobalSection(SolutionProperties) = preSolution
		HideSolutionNode = FALSE
	EndGlobalSection
	GlobalSection(ExtensibilityGlobals) = postSolution
		SolutionGuid = {9B53BF2D-BB01-4F4B-A239-DA527589D098}
	EndGlobalSection
EndGlobal
